
Microsoft Visual Studio Solution File, Format Version 12.00
# Visual Studio 2013
VisualStudioVersion = 12.0.30723.0
MinimumVisualStudioVersion = 10.0.40219.1
Project("{FAE04EC0-301F-11D3-BF4B-00C04F79EFBC}") = "ArchiveViewer.Common", "ArchiveViewer.Common\ArchiveViewer.Common.csproj", "{074CF0BF-5A6A-45B5-A581-2E21705DBC4F}"
EndProject
Project("{FAE04EC0-301F-11D3-BF4B-00C04F79EFBC}") = "ArchiveViewer", "ArchiveViewer\ArchiveViewer.csproj", "{0106665E-0975-4139-8546-8A4078B30C06}"
EndProject
Project("{FAE04EC0-301F-11D3-BF4B-00C04F79EFBC}") = "Temp", "Temp\Temp.csproj", "{5B73031B-9A6A-4919-81D0-513189CBFFD9}"
EndProject
Global
	GlobalSection(SolutionConfigurationPlatforms) = preSolution
		Debug|Any CPU = Debug|Any CPU
		Release|Any CPU = Release|Any CPU
	EndGlobalSection
	GlobalSection(ProjectConfigurationPlatforms) = postSolution
		{074CF0BF-5A6A-45B5-A581-2E21705DBC4F}.Debug|Any CPU.ActiveCfg = Debug|Any CPU
		{074CF0BF-5A6A-45B5-A581-2E21705DBC4F}.Debug|Any CPU.Build.0 = Debug|Any CPU
		{074CF0BF-5A6A-45B5-A581-2E21705DBC4F}.Release|Any CPU.ActiveCfg = Release|Any CPU
		{074CF0BF-5A6A-45B5-A581-2E21705DBC4F}.Release|Any CPU.Build.0 = Release|Any CPU
		{0106665E-0975-4139-8546-8A4078B30C06}.Debug|Any CPU.ActiveCfg = Debug|Any CPU
		{0106665E-0975-4139-8546-8A4078B30C06}.Debug|Any CPU.Build.0 = Debug|Any CPU
		{0106665E-0975-4139-8546-8A4078B30C06}.Release|Any CPU.ActiveCfg = Release|Any CPU
		{0106665E-0975-4139-8546-8A4078B30C06}.Release|Any CPU.Build.0 = Release|Any CPU
		{5B73031B-9A6A-4919-81D0-513189CBFFD9}.Debug|Any CPU.ActiveCfg = Debug|Any CPU
		{5B73031B-9A6A-4919-81D0-513189CBFFD9}.Debug|Any CPU.Build.0 = Debug|Any CPU
		{5B73031B-9A6A-4919-81D0-513189CBFFD9}.Release|Any CPU.ActiveCfg = Release|Any CPU
		{5B73031B-9A6A-4919-81D0-513189CBFFD9}.Release|Any CPU.Build.0 = Release|Any CPU
	EndGlobalSection
	GlobalSection(SolutionProperties) = preSolution
		HideSolutionNode = FALSE
	EndGlobalSection
EndGlobal
